version = "<version>"
home = "<home>"
config_dir = "<config>"
data_dir = "<data>"
config_file = "<config>/plugins.toml"

[[plugins]]
name = "test_downloads"
source_dir = "<data>/downloads/raw.githubusercontent.com/rossmacarthur/sheldon-test/master"
files = ["<data>/downloads/raw.githubusercontent.com/rossmacarthur/sheldon-test/master/test.plugin.zsh"]
apply = ["source"]

[[plugins]]
name = "test_repos"
source_dir = "<data>/repos/github.com/rossmacarthur/sheldon-test"
files = ["<data>/repos/github.com/rossmacarthur/sheldon-test/test.plugin.zsh"]
apply = ["source"]
[templates.PATH]
value = "export PATH=\"{{ dir }}:$PATH\""
each = false

[templates.path]
value = "path=( \"{{ dir }}\" $path )"
each = false

[templates.fpath]
value = "fpath=( \"{{ dir }}\" $fpath )"
each = false

[templates.source]
value = "source \"{{ file }}\""
each = true
