version = "<version>"
home = "<home>"
config_dir = "<home>/.sheldon"
data_dir = "<home>/.sheldon"
config_file = "<home>/.sheldon/plugins.toml"

[[plugins]]
name = "testa"
source_dir = "<home>/.sheldon/downloads/raw.githubusercontent.com/rossmacarthur/sheldon-test/master"
files = ["<home>/.sheldon/downloads/raw.githubusercontent.com/rossmacarthur/sheldon-test/master/test.plugin.zsh"]
apply = ["source"]

[plugins.hooks]

[[plugins]]
name = "testb"
source_dir = "<home>/.sheldon/repos/github.com/rossmacarthur/sheldon-test"
files = ["<home>/.sheldon/repos/github.com/rossmacarthur/sheldon-test/test.plugin.zsh"]
apply = ["source"]

[plugins.hooks]

[templates]
PATH = "export PATH=\"{{ dir }}:$PATH\""
path = "path=( \"{{ dir }}\" $path )"
fpath = "fpath=( \"{{ dir }}\" $fpath )"
source = "{{ hooks?.pre | nl }}{% for file in files %}source \"{{ file }}\"\n{% endfor %}{{ hooks?.post | nl }}"
