version = "{{ version }}"
home = "{{ root }}"
root = "{{ root }}"
config_file = "{{ config_file }}"
lock_file = "{{ lock_file }}"

[[plugins]]
name = "test"
directory = "{{ root }}/repositories/github.com/rossmacarthur/sheldon-test"
filenames = ["{{ root }}/repositories/github.com/rossmacarthur/sheldon-test/test.plugin.zsh"]
apply = ["source"]

[templates]
