version = "<version>"
home = "<home>"
config_dir = "<config>"
data_dir = "<home>/test"
config_file = "<config>/plugins.toml"
plugins = []

[templates]
PATH = "export PATH=\"{{ dir }}:$PATH\""
path = "path=( \"{{ dir }}\" $path )"
fpath = "fpath=( \"{{ dir }}\" $fpath )"
source = "{{ hooks | get: \"pre\" | nl }}{% for file in files %}source \"{{ file }}\"\n{% endfor %}{{ hooks | get: \"post\" | nl }}"
